{
  "version": 4,
  "terraform_version": "0.13.4",
  "serial": 30,
  "lineage": "917c8336-79a9-7a7f-6acd-cd5f580cd780",
  "outputs": {
    "ip": {
      "value": "44.238.66.179",
      "type": "string"
    },
    "pub_pem": {
      "value": "-----BEGIN PUBLIC KEY-----\nMIIBIjANBgkqhkiG9w0BAQEFAAOCAQ8AMIIBCgKCAQEAs/hU3oP+AAHhM3PUGajX\nsb5FVv5LFd/n1dY7ZHMEiD4dW/kz0lbU4rVIkpjQ3nE+aG56kKAvZ1feAFAFuRNk\nIzI6uNXixepKPzL3ZiEHLDl+rt9nO/B5IahFzOFGXBBXi87aeVYAXZJDI5vngkJi\n/fokVn9GgO1URCETH5T6C+AflPJ4cVXejVLitHGSPG+PYPZVLovUfWEw9Hvdbgy7\nDevl5qdhsZVqfrTDvV3B1xpxBO2e9/Zd1089OyFEc2KNlamBbDi292RGTC6NeCXc\ntHi35Cv4+wvfWO0mttKr9rVJvuXNku86igrst5K68VUgA3R9xZf/11g90hQ3Ft/9\nDwIDAQAB\n-----END PUBLIC KEY-----\n",
      "type": "string"
    }
  },
  "resources": [
    {
      "mode": "managed",
      "type": "aws_eip",
      "name": "ip",
      "provider": "provider[\"registry.terraform.io/hashicorp/aws\"]",
      "instances": [
        {
          "schema_version": 0,
          "attributes": {
            "allocation_id": null,
            "associate_with_private_ip": null,
            "association_id": "eipassoc-042f0e15ff9500dec",
            "customer_owned_ip": "",
            "customer_owned_ipv4_pool": "",
            "domain": "vpc",
            "id": "eipalloc-0fb8c2ef0f07095ba",
            "instance": "i-0090defb1656e98be",
            "network_interface": "eni-0b1b3fd58302d146e",
            "private_dns": "ip-172-31-37-126.us-west-2.compute.internal",
            "private_ip": "172.31.37.126",
            "public_dns": "ec2-44-238-66-179.us-west-2.compute.amazonaws.com",
            "public_ip": "44.238.66.179",
            "public_ipv4_pool": "amazon",
            "tags": null,
            "timeouts": null,
            "vpc": true
          },
          "private": "eyJlMmJmYjczMC1lY2FhLTExZTYtOGY4OC0zNDM2M2JjN2M0YzAiOnsiZGVsZXRlIjoxODAwMDAwMDAwMDAsInJlYWQiOjkwMDAwMDAwMDAwMCwidXBkYXRlIjozMDAwMDAwMDAwMDB9fQ==",
          "dependencies": [
            "aws_instance.example",
            "module.key_pair.aws_key_pair.this",
            "tls_private_key.this"
          ]
        }
      ]
    },
    {
      "mode": "managed",
      "type": "aws_instance",
      "name": "example",
      "provider": "provider[\"registry.terraform.io/hashicorp/aws\"]",
      "instances": [
        {
          "schema_version": 1,
          "attributes": {
            "ami": "ami-01fee56b22f308154",
            "arn": "arn:aws:ec2:us-west-2:013683865476:instance/i-0090defb1656e98be",
            "associate_public_ip_address": true,
            "availability_zone": "us-west-2a",
            "cpu_core_count": 1,
            "cpu_threads_per_core": 1,
            "credit_specification": [
              {
                "cpu_credits": "standard"
              }
            ],
            "disable_api_termination": false,
            "ebs_block_device": [],
            "ebs_optimized": false,
            "ephemeral_block_device": [],
            "get_password_data": false,
            "hibernation": false,
            "host_id": null,
            "iam_instance_profile": "",
            "id": "i-0090defb1656e98be",
            "instance_initiated_shutdown_behavior": null,
            "instance_state": "running",
            "instance_type": "t2.micro",
            "ipv6_address_count": 0,
            "ipv6_addresses": [],
            "key_name": "my-key",
            "metadata_options": [
              {
                "http_endpoint": "enabled",
                "http_put_response_hop_limit": 1,
                "http_tokens": "optional"
              }
            ],
            "monitoring": false,
            "network_interface": [],
            "network_interface_id": null,
            "outpost_arn": "",
            "password_data": "",
            "placement_group": "",
            "primary_network_interface_id": "eni-0b1b3fd58302d146e",
            "private_dns": "ip-172-31-37-126.us-west-2.compute.internal",
            "private_ip": "172.31.37.126",
            "public_dns": "ec2-52-26-59-4.us-west-2.compute.amazonaws.com",
            "public_ip": "52.26.59.4",
            "root_block_device": [
              {
                "delete_on_termination": true,
                "device_name": "/dev/xvda",
                "encrypted": false,
                "iops": 100,
                "kms_key_id": "",
                "volume_id": "vol-068e306eb46e07373",
                "volume_size": 8,
                "volume_type": "gp2"
              }
            ],
            "security_groups": [
              "default"
            ],
            "source_dest_check": true,
            "subnet_id": "subnet-8e9c66c4",
            "tags": {
              "Name": "HelloWorld"
            },
            "tenancy": "default",
            "timeouts": null,
            "user_data": null,
            "user_data_base64": null,
            "volume_tags": {},
            "vpc_security_group_ids": [
              "sg-3fd94513"
            ]
          },
          "private": "eyJlMmJmYjczMC1lY2FhLTExZTYtOGY4OC0zNDM2M2JjN2M0YzAiOnsiY3JlYXRlIjo2MDAwMDAwMDAwMDAsImRlbGV0ZSI6MTIwMDAwMDAwMDAwMCwidXBkYXRlIjo2MDAwMDAwMDAwMDB9LCJzY2hlbWFfdmVyc2lvbiI6IjEifQ==",
          "dependencies": [
            "module.key_pair.aws_key_pair.this",
            "tls_private_key.this"
          ]
        }
      ]
    },
    {
      "mode": "managed",
      "type": "tls_private_key",
      "name": "this",
      "provider": "provider[\"registry.terraform.io/hashicorp/tls\"]",
      "instances": [
        {
          "schema_version": 0,
          "attributes": {
            "algorithm": "RSA",
            "ecdsa_curve": "P224",
            "id": "c4c03fede551d21328c24a80913e24da2edc0f0c",
            "private_key_pem": "-----BEGIN RSA PRIVATE KEY-----\nMIIEogIBAAKCAQEAs/hU3oP+AAHhM3PUGajXsb5FVv5LFd/n1dY7ZHMEiD4dW/kz\n0lbU4rVIkpjQ3nE+aG56kKAvZ1feAFAFuRNkIzI6uNXixepKPzL3ZiEHLDl+rt9n\nO/B5IahFzOFGXBBXi87aeVYAXZJDI5vngkJi/fokVn9GgO1URCETH5T6C+AflPJ4\ncVXejVLitHGSPG+PYPZVLovUfWEw9Hvdbgy7Devl5qdhsZVqfrTDvV3B1xpxBO2e\n9/Zd1089OyFEc2KNlamBbDi292RGTC6NeCXctHi35Cv4+wvfWO0mttKr9rVJvuXN\nku86igrst5K68VUgA3R9xZf/11g90hQ3Ft/9DwIDAQABAoIBAEEVCPv/F5fBFkOZ\nG5a77GSmvkSbaWPbuOcntgq5XWY3sD5WfFsQc6QYksoQ4VfP9BWn/kLW6s2ghPPv\n/GHVlVz1CS9Wic+wznDUaYtRXlqr4Bg1SgvvBp8ZT0SsItmgP0ib4X4Hj9JG1mjG\nNI5ym4HlN8bf+AsfyF1q6JN/OH2aTySqDqmDK5fkZLz0D05BARe84fQeBOlqcoPW\nubnAjNHGZEAfzkVWGw5veOSO5G/0/e1Ta8ojsGxLY544meKSQIia4uqTsSVT85S/\nNf9KCK0UwzNgb/GKSnsN0ZXx4Gs6gvTT4O+bz53FqGjlfhYTSDFcTTbDXsOAAiin\nCUJkVYECgYEA73TayTY5GSC6cP79CKreszM883FYMvFm7b7SZjrEjLi1ZfbY5/1G\nGFbdqR4PP2TalxVxvIonoFmrh4h8bVz07BsoYgiNl8NCN3v6fhYVCLUuipjbABnx\nQiteA0eDy9IL338J5jXQARxTzyQYfMcc/OVRqhrEO6itr+SyGqsuCx8CgYEAwGde\n5YDUCtMJ8QZJU+yOUWP4cgRoHbql1ljcsSKqfeUDc2EuMhkxjBcMeLnsorDiPsFI\nBjsAh6fEol300JKEPNGzrf+/Cw7rkHgeKvcV4jjIS11WYWAFcUPv3xWS0HJ9GsGU\nCCnIxqeDHT783ioIHCeMvfHEMgarh73XyRpGwBECgYAQuhb2a0U9zh13+zftvRHl\nbrTZRJemp1pLTUMhRQWp1tVFFCM+wWB+HsNJJwJlqUPjvem+A+CUwO7MfupCMXYi\ncBs4DeTmLwuXGJ/84soBW7auk9LohOdneeQNUpeQS1HtANDONgAbs8De/WSAguAx\ngktcGJaQnE3VtaIDXuXOfQKBgH/Vbnh/suKKOwW3zoqDFj+/czeV8/MkqsCSg/bw\n+GPy/+rt+3pvwLq6KaAgr7ecXIWjd44kL4LyFbRnRpw5bMDX91C5Jh5byGlRVYHo\nbtLCNVnVZuoFmTgbEkmfFM+H8dUQHqGZ2XsbmwKYcfvN41uJb3pYIqm2QstKeA92\ndOFxAoGAOAem3Ry3l60flFgOAv3R9uA5n/KSa8xN4HQtM5PVQs39lThZobiMzj1o\nAK0/PHCQ6bIl4j0xfuhVo+gZYJrzyxZw1s86XPxfAmpx9JC0o6k2bx0Uh8NVY5++\n5Tpf+j9/XG+61/GB5Y8/VJ5I11kRADRfz/7B1KGGxecXuWXpWyg=\n-----END RSA PRIVATE KEY-----\n",
            "public_key_fingerprint_md5": "8c:73:30:28:8a:53:41:1a:3f:31:e5:78:1e:e6:25:76",
            "public_key_openssh": "ssh-rsa AAAAB3NzaC1yc2EAAAADAQABAAABAQCz+FTeg/4AAeEzc9QZqNexvkVW/ksV3+fV1jtkcwSIPh1b+TPSVtTitUiSmNDecT5obnqQoC9nV94AUAW5E2QjMjq41eLF6ko/MvdmIQcsOX6u32c78HkhqEXM4UZcEFeLztp5VgBdkkMjm+eCQmL9+iRWf0aA7VREIRMflPoL4B+U8nhxVd6NUuK0cZI8b49g9lUui9R9YTD0e91uDLsN6+Xmp2GxlWp+tMO9XcHXGnEE7Z739l3XTz07IURzYo2VqYFsOLb3ZEZMLo14Jdy0eLfkK/j7C99Y7Sa20qv2tUm+5c2S7zqKCuy3krrxVSADdH3Fl//XWD3SFDcW3/0P\n",
            "public_key_pem": "-----BEGIN PUBLIC KEY-----\nMIIBIjANBgkqhkiG9w0BAQEFAAOCAQ8AMIIBCgKCAQEAs/hU3oP+AAHhM3PUGajX\nsb5FVv5LFd/n1dY7ZHMEiD4dW/kz0lbU4rVIkpjQ3nE+aG56kKAvZ1feAFAFuRNk\nIzI6uNXixepKPzL3ZiEHLDl+rt9nO/B5IahFzOFGXBBXi87aeVYAXZJDI5vngkJi\n/fokVn9GgO1URCETH5T6C+AflPJ4cVXejVLitHGSPG+PYPZVLovUfWEw9Hvdbgy7\nDevl5qdhsZVqfrTDvV3B1xpxBO2e9/Zd1089OyFEc2KNlamBbDi292RGTC6NeCXc\ntHi35Cv4+wvfWO0mttKr9rVJvuXNku86igrst5K68VUgA3R9xZf/11g90hQ3Ft/9\nDwIDAQAB\n-----END PUBLIC KEY-----\n",
            "rsa_bits": 2048
          },
          "private": "bnVsbA=="
        }
      ]
    },
    {
      "module": "module.key_pair",
      "mode": "managed",
      "type": "aws_key_pair",
      "name": "this",
      "provider": "provider[\"registry.terraform.io/hashicorp/aws\"]",
      "instances": [
        {
          "index_key": 0,
          "schema_version": 1,
          "attributes": {
            "arn": "arn:aws:ec2:us-west-2:013683865476:key-pair/my-key",
            "fingerprint": "ea:6e:15:b9:e0:28:2f:10:e7:17:3e:73:69:09:0b:8e",
            "id": "my-key",
            "key_name": "my-key",
            "key_name_prefix": null,
            "key_pair_id": "key-0b638361034efd3ea",
            "public_key": "ssh-rsa AAAAB3NzaC1yc2EAAAADAQABAAABAQCz+FTeg/4AAeEzc9QZqNexvkVW/ksV3+fV1jtkcwSIPh1b+TPSVtTitUiSmNDecT5obnqQoC9nV94AUAW5E2QjMjq41eLF6ko/MvdmIQcsOX6u32c78HkhqEXM4UZcEFeLztp5VgBdkkMjm+eCQmL9+iRWf0aA7VREIRMflPoL4B+U8nhxVd6NUuK0cZI8b49g9lUui9R9YTD0e91uDLsN6+Xmp2GxlWp+tMO9XcHXGnEE7Z739l3XTz07IURzYo2VqYFsOLb3ZEZMLo14Jdy0eLfkK/j7C99Y7Sa20qv2tUm+5c2S7zqKCuy3krrxVSADdH3Fl//XWD3SFDcW3/0P",
            "tags": null
          },
          "private": "eyJzY2hlbWFfdmVyc2lvbiI6IjEifQ==",
          "dependencies": [
            "tls_private_key.this"
          ]
        }
      ]
    }
  ]
}
